
Microsoft Visual Studio Solution File, Format Version 12.00
# Visual Studio 14
VisualStudioVersion = 14.0.25420.1
MinimumVisualStudioVersion = 10.0.40219.1
Project("{FAE04EC0-301F-11D3-BF4B-00C04F79EFBC}") = "HomeBudgetViewer", "HomeBudgetViewer\HomeBudgetViewer.csproj", "{3AFE7262-F766-4E64-88EE-C40D474A003E}"
EndProject
Project("{FAE04EC0-301F-11D3-BF4B-00C04F79EFBC}") = "HomeBudgetViewer.Models", "HomeBudgetViewer.Models\HomeBudgetViewer.Models.csproj", "{28C1568C-57F5-410B-B73D-CAA677F54E47}"
EndProject
Project("{FAE04EC0-301F-11D3-BF4B-00C04F79EFBC}") = "HomeBudgetViewer.Database.Engine", "HomeBudgetViewer.Database.Engine\HomeBudgetViewer.Database.Engine.csproj", "{17C1C4AD-2512-4E15-B89C-02535B721E83}"
EndProject
Global
	GlobalSection(SolutionConfigurationPlatforms) = preSolution
		Debug|Any CPU = Debug|Any CPU
		Debug|ARM = Debug|ARM
		Debug|x64 = Debug|x64
		Debug|x86 = Debug|x86
		Release|Any CPU = Release|Any CPU
		Release|ARM = Release|ARM
		Release|x64 = Release|x64
		Release|x86 = Release|x86
	EndGlobalSection
	GlobalSection(ProjectConfigurationPlatforms) = postSolution
		{3AFE7262-F766-4E64-88EE-C40D474A003E}.Debug|Any CPU.ActiveCfg = Debug|x86
		{3AFE7262-F766-4E64-88EE-C40D474A003E}.Debug|Any CPU.Build.0 = Debug|x86
		{3AFE7262-F766-4E64-88EE-C40D474A003E}.Debug|Any CPU.Deploy.0 = Debug|x86
		{3AFE7262-F766-4E64-88EE-C40D474A003E}.Debug|ARM.ActiveCfg = Debug|ARM
		{3AFE7262-F766-4E64-88EE-C40D474A003E}.Debug|ARM.Build.0 = Debug|ARM
		{3AFE7262-F766-4E64-88EE-C40D474A003E}.Debug|ARM.Deploy.0 = Debug|ARM
		{3AFE7262-F766-4E64-88EE-C40D474A003E}.Debug|x64.ActiveCfg = Debug|x64
		{3AFE7262-F766-4E64-88EE-C40D474A003E}.Debug|x64.Build.0 = Debug|x64
		{3AFE7262-F766-4E64-88EE-C40D474A003E}.Debug|x64.Deploy.0 = Debug|x64
		{3AFE7262-F766-4E64-88EE-C40D474A003E}.Debug|x86.ActiveCfg = Debug|x86
		{3AFE7262-F766-4E64-88EE-C40D474A003E}.Debug|x86.Build.0 = Debug|x86
		{3AFE7262-F766-4E64-88EE-C40D474A003E}.Debug|x86.Deploy.0 = Debug|x86
		{3AFE7262-F766-4E64-88EE-C40D474A003E}.Release|Any CPU.ActiveCfg = Release|x86
		{3AFE7262-F766-4E64-88EE-C40D474A003E}.Release|ARM.ActiveCfg = Release|ARM
		{3AFE7262-F766-4E64-88EE-C40D474A003E}.Release|ARM.Build.0 = Release|ARM
		{3AFE7262-F766-4E64-88EE-C40D474A003E}.Release|ARM.Deploy.0 = Release|ARM
		{3AFE7262-F766-4E64-88EE-C40D474A003E}.Release|x64.ActiveCfg = Release|x64
		{3AFE7262-F766-4E64-88EE-C40D474A003E}.Release|x64.Build.0 = Release|x64
		{3AFE7262-F766-4E64-88EE-C40D474A003E}.Release|x64.Deploy.0 = Release|x64
		{3AFE7262-F766-4E64-88EE-C40D474A003E}.Release|x86.ActiveCfg = Release|x86
		{3AFE7262-F766-4E64-88EE-C40D474A003E}.Release|x86.Build.0 = Release|x86
		{3AFE7262-F766-4E64-88EE-C40D474A003E}.Release|x86.Deploy.0 = Release|x86
		{28C1568C-57F5-410B-B73D-CAA677F54E47}.Debug|Any CPU.ActiveCfg = Debug|Any CPU
		{28C1568C-57F5-410B-B73D-CAA677F54E47}.Debug|Any CPU.Build.0 = Debug|Any CPU
		{28C1568C-57F5-410B-B73D-CAA677F54E47}.Debug|ARM.ActiveCfg = Debug|ARM
		{28C1568C-57F5-410B-B73D-CAA677F54E47}.Debug|ARM.Build.0 = Debug|ARM
		{28C1568C-57F5-410B-B73D-CAA677F54E47}.Debug|x64.ActiveCfg = Debug|x64
		{28C1568C-57F5-410B-B73D-CAA677F54E47}.Debug|x64.Build.0 = Debug|x64
		{28C1568C-57F5-410B-B73D-CAA677F54E47}.Debug|x86.ActiveCfg = Debug|x86
		{28C1568C-57F5-410B-B73D-CAA677F54E47}.Debug|x86.Build.0 = Debug|x86
		{28C1568C-57F5-410B-B73D-CAA677F54E47}.Release|Any CPU.ActiveCfg = Release|Any CPU
		{28C1568C-57F5-410B-B73D-CAA677F54E47}.Release|Any CPU.Build.0 = Release|Any CPU
		{28C1568C-57F5-410B-B73D-CAA677F54E47}.Release|ARM.ActiveCfg = Release|ARM
		{28C1568C-57F5-410B-B73D-CAA677F54E47}.Release|ARM.Build.0 = Release|ARM
		{28C1568C-57F5-410B-B73D-CAA677F54E47}.Release|x64.ActiveCfg = Release|x64
		{28C1568C-57F5-410B-B73D-CAA677F54E47}.Release|x64.Build.0 = Release|x64
		{28C1568C-57F5-410B-B73D-CAA677F54E47}.Release|x86.ActiveCfg = Release|x86
		{28C1568C-57F5-410B-B73D-CAA677F54E47}.Release|x86.Build.0 = Release|x86
		{17C1C4AD-2512-4E15-B89C-02535B721E83}.Debug|Any CPU.ActiveCfg = Debug|Any CPU
		{17C1C4AD-2512-4E15-B89C-02535B721E83}.Debug|Any CPU.Build.0 = Debug|Any CPU
		{17C1C4AD-2512-4E15-B89C-02535B721E83}.Debug|ARM.ActiveCfg = Debug|ARM
		{17C1C4AD-2512-4E15-B89C-02535B721E83}.Debug|ARM.Build.0 = Debug|ARM
		{17C1C4AD-2512-4E15-B89C-02535B721E83}.Debug|x64.ActiveCfg = Debug|x64
		{17C1C4AD-2512-4E15-B89C-02535B721E83}.Debug|x64.Build.0 = Debug|x64
		{17C1C4AD-2512-4E15-B89C-02535B721E83}.Debug|x86.ActiveCfg = Debug|x86
		{17C1C4AD-2512-4E15-B89C-02535B721E83}.Debug|x86.Build.0 = Debug|x86
		{17C1C4AD-2512-4E15-B89C-02535B721E83}.Release|Any CPU.ActiveCfg = Release|Any CPU
		{17C1C4AD-2512-4E15-B89C-02535B721E83}.Release|Any CPU.Build.0 = Release|Any CPU
		{17C1C4AD-2512-4E15-B89C-02535B721E83}.Release|ARM.ActiveCfg = Release|ARM
		{17C1C4AD-2512-4E15-B89C-02535B721E83}.Release|ARM.Build.0 = Release|ARM
		{17C1C4AD-2512-4E15-B89C-02535B721E83}.Release|x64.ActiveCfg = Release|x64
		{17C1C4AD-2512-4E15-B89C-02535B721E83}.Release|x64.Build.0 = Release|x64
		{17C1C4AD-2512-4E15-B89C-02535B721E83}.Release|x86.ActiveCfg = Release|x86
		{17C1C4AD-2512-4E15-B89C-02535B721E83}.Release|x86.Build.0 = Release|x86
	EndGlobalSection
	GlobalSection(SolutionProperties) = preSolution
		HideSolutionNode = FALSE
	EndGlobalSection
EndGlobal
